
Microsoft Visual Studio Solution File, Format Version 12.00
# Visual Studio Version 17
VisualStudioVersion = 17.4.33213.308
MinimumVisualStudioVersion = 10.0.40219.1
Project("{9A19103F-16F7-4668-BE54-9A1E7A4F7556}") = "MetacriticAPI", "MetacriticAPI\MetacriticAPI.csproj", "{610ED77E-98F8-4882-B17B-FACAE6F50811}"
EndProject
Project("{9A19103F-16F7-4668-BE54-9A1E7A4F7556}") = "IntegrationTests", "IntegrationTests\IntegrationTests.csproj", "{1FF65192-41C8-409B-B57A-9AEDB0246119}"
EndProject
Project("{FAE04EC0-301F-11D3-BF4B-00C04F79EFBC}") = "ExampleApp", "ExampleApp\ExampleApp.csproj", "{A8B8360C-EBD4-45F8-BFA3-81FEF08DD36B}"
EndProject
Global
	GlobalSection(SolutionConfigurationPlatforms) = preSolution
		Debug|Any CPU = Debug|Any CPU
		Release|Any CPU = Release|Any CPU
	EndGlobalSection
	GlobalSection(ProjectConfigurationPlatforms) = postSolution
		{610ED77E-98F8-4882-B17B-FACAE6F50811}.Debug|Any CPU.ActiveCfg = Debug|Any CPU
		{610ED77E-98F8-4882-B17B-FACAE6F50811}.Debug|Any CPU.Build.0 = Debug|Any CPU
		{610ED77E-98F8-4882-B17B-FACAE6F50811}.Release|Any CPU.ActiveCfg = Release|Any CPU
		{610ED77E-98F8-4882-B17B-FACAE6F50811}.Release|Any CPU.Build.0 = Release|Any CPU
		{1FF65192-41C8-409B-B57A-9AEDB0246119}.Debug|Any CPU.ActiveCfg = Debug|Any CPU
		{1FF65192-41C8-409B-B57A-9AEDB0246119}.Debug|Any CPU.Build.0 = Debug|Any CPU
		{1FF65192-41C8-409B-B57A-9AEDB0246119}.Release|Any CPU.ActiveCfg = Release|Any CPU
		{1FF65192-41C8-409B-B57A-9AEDB0246119}.Release|Any CPU.Build.0 = Release|Any CPU
		{A8B8360C-EBD4-45F8-BFA3-81FEF08DD36B}.Debug|Any CPU.ActiveCfg = Debug|Any CPU
		{A8B8360C-EBD4-45F8-BFA3-81FEF08DD36B}.Debug|Any CPU.Build.0 = Debug|Any CPU
		{A8B8360C-EBD4-45F8-BFA3-81FEF08DD36B}.Release|Any CPU.ActiveCfg = Release|Any CPU
		{A8B8360C-EBD4-45F8-BFA3-81FEF08DD36B}.Release|Any CPU.Build.0 = Release|Any CPU
	EndGlobalSection
	GlobalSection(SolutionProperties) = preSolution
		HideSolutionNode = FALSE
	EndGlobalSection
	GlobalSection(ExtensibilityGlobals) = postSolution
		SolutionGuid = {5F320852-592E-4249-A8EE-D8F4658DC538}
	EndGlobalSection
EndGlobal
